// !$*UTF8*$!
{
	archiveVersion = 1;
	classes = {
	};
	objectVersion = 46;
	objects = {

/* Begin PBXBuildFile section */
		AA19AA451BF4C59100A7EF19 /* AppDelegate.swift in Sources */ = {isa = PBXBuildFile; fileRef = AA19AA441BF4C59100A7EF19 /* AppDelegate.swift */; };
		AA19AA4A1BF4C59100A7EF19 /* Main.storyboard in Resources */ = {isa = PBXBuildFile; fileRef = AA19AA481BF4C59100A7EF19 /* Main.storyboard */; };
		AA19AA4C1BF4C59100A7EF19 /* Assets.xcassets in Resources */ = {isa = PBXBuildFile; fileRef = AA19AA4B1BF4C59100A7EF19 /* Assets.xcassets */; };
		AA19AA4F1BF4C59100A7EF19 /* LaunchScreen.storyboard in Resources */ = {isa = PBXBuildFile; fileRef = AA19AA4D1BF4C59100A7EF19 /* LaunchScreen.storyboard */; };
		AA19AA591BF4C5BA00A7EF19 /* HomeViewController.swift in Sources */ = {isa = PBXBuildFile; fileRef = AA19AA581BF4C5BA00A7EF19 /* HomeViewController.swift */; };
		AA19AA5C1BF4C75800A7EF19 /* Metal.framework in Frameworks */ = {isa = PBXBuildFile; fileRef = AA19AA5B1BF4C75800A7EF19 /* Metal.framework */; };
		AA19AA5E1BF4C76600A7EF19 /* QuartzCore.framework in Frameworks */ = {isa = PBXBuildFile; fileRef = AA19AA5D1BF4C76600A7EF19 /* QuartzCore.framework */; };
		AA19AA611BF4DA0600A7EF19 /* Shader.metal in Sources */ = {isa = PBXBuildFile; fileRef = AA19AA601BF4DA0600A7EF19 /* Shader.metal */; };
/* End PBXBuildFile section */

/* Begin PBXFileReference section */
		AA19AA411BF4C59100A7EF19 /* GigglyMetal.app */ = {isa = PBXFileReference; explicitFileType = wrapper.application; includeInIndex = 0; path = GigglyMetal.app; sourceTree = BUILT_PRODUCTS_DIR; };
		AA19AA441BF4C59100A7EF19 /* AppDelegate.swift */ = {isa = PBXFileReference; lastKnownFileType = sourcecode.swift; path = AppDelegate.swift; sourceTree = "<group>"; };
		AA19AA491BF4C59100A7EF19 /* Base */ = {isa = PBXFileReference; lastKnownFileType = file.storyboard; name = Base; path = Base.lproj/Main.storyboard; sourceTree = "<group>"; };
		AA19AA4B1BF4C59100A7EF19 /* Assets.xcassets */ = {isa = PBXFileReference; lastKnownFileType = folder.assetcatalog; path = Assets.xcassets; sourceTree = "<group>"; };
		AA19AA4E1BF4C59100A7EF19 /* Base */ = {isa = PBXFileReference; lastKnownFileType = file.storyboard; name = Base; path = Base.lproj/LaunchScreen.storyboard; sourceTree = "<group>"; };
		AA19AA501BF4C59100A7EF19 /* Info.plist */ = {isa = PBXFileReference; lastKnownFileType = text.plist.xml; path = Info.plist; sourceTree = "<group>"; };
		AA19AA581BF4C5BA00A7EF19 /* HomeViewController.swift */ = {isa = PBXFileReference; fileEncoding = 4; lastKnownFileType = sourcecode.swift; path = HomeViewController.swift; sourceTree = "<group>"; };
		AA19AA5B1BF4C75800A7EF19 /* Metal.framework */ = {isa = PBXFileReference; lastKnownFileType = wrapper.framework; name = Metal.framework; path = System/Library/Frameworks/Metal.framework; sourceTree = SDKROOT; };
		AA19AA5D1BF4C76600A7EF19 /* QuartzCore.framework */ = {isa = PBXFileReference; lastKnownFileType = wrapper.framework; name = QuartzCore.framework; path = System/Library/Frameworks/QuartzCore.framework; sourceTree = SDKROOT; };
		AA19AA601BF4DA0600A7EF19 /* Shader.metal */ = {isa = PBXFileReference; fileEncoding = 4; lastKnownFileType = sourcecode.metal; path = Shader.metal; sourceTree = "<group>"; };
/* End PBXFileReference section */

/* Begin PBXFrameworksBuildPhase section */
		AA19AA3E1BF4C59100A7EF19 /* Frameworks */ = {
			isa = PBXFrameworksBuildPhase;
			buildActionMask = 2147483647;
			files = (
				AA19AA5E1BF4C76600A7EF19 /* QuartzCore.framework in Frameworks */,
				AA19AA5C1BF4C75800A7EF19 /* Metal.framework in Frameworks */,
			);
			runOnlyForDeploymentPostprocessing = 0;
		};
/* End PBXFrameworksBuildPhase section */

/* Begin PBXGroup section */
		AA19AA381BF4C59100A7EF19 = {
			isa = PBXGroup;
			children = (
				AA19AA5A1BF4C72D00A7EF19 /* Frameworks */,
				AA19AA431BF4C59100A7EF19 /* GigglyMetal */,
				AA19AA421BF4C59100A7EF19 /* Products */,
			);
			sourceTree = "<group>";
		};
		AA19AA421BF4C59100A7EF19 /* Products */ = {
			isa = PBXGroup;
			children = (
				AA19AA411BF4C59100A7EF19 /* GigglyMetal.app */,
			);
			name = Products;
			sourceTree = "<group>";
		};
		AA19AA431BF4C59100A7EF19 /* GigglyMetal */ = {
			isa = PBXGroup;
			children = (
				AA19AA5F1BF4D9F700A7EF19 /* Metal */,
				AA19AA561BF4C59C00A7EF19 /* ViewControllers */,
				AA19AA441BF4C59100A7EF19 /* AppDelegate.swift */,
				AA19AA481BF4C59100A7EF19 /* Main.storyboard */,
				AA19AA4B1BF4C59100A7EF19 /* Assets.xcassets */,
				AA19AA4D1BF4C59100A7EF19 /* LaunchScreen.storyboard */,
				AA19AA501BF4C59100A7EF19 /* Info.plist */,
			);
			path = GigglyMetal;
			sourceTree = "<group>";
		};
		AA19AA561BF4C59C00A7EF19 /* ViewControllers */ = {
			isa = PBXGroup;
			children = (
				AA19AA571BF4C5A500A7EF19 /* HomeViewController */,
			);
			name = ViewControllers;
			sourceTree = "<group>";
		};
		AA19AA571BF4C5A500A7EF19 /* HomeViewController */ = {
			isa = PBXGroup;
			children = (
				AA19AA581BF4C5BA00A7EF19 /* HomeViewController.swift */,
			);
			name = HomeViewController;
			sourceTree = "<group>";
		};
		AA19AA5A1BF4C72D00A7EF19 /* Frameworks */ = {
			isa = PBXGroup;
			children = (
				AA19AA5D1BF4C76600A7EF19 /* QuartzCore.framework */,
				AA19AA5B1BF4C75800A7EF19 /* Metal.framework */,
			);
			name = Frameworks;
			sourceTree = "<group>";
		};
		AA19AA5F1BF4D9F700A7EF19 /* Metal */ = {
			isa = PBXGroup;
			children = (
				AA19AA601BF4DA0600A7EF19 /* Shader.metal */,
			);
			name = Metal;
			sourceTree = "<group>";
		};
/* End PBXGroup section */

/* Begin PBXNativeTarget section */
		AA19AA401BF4C59100A7EF19 /* GigglyMetal */ = {
			isa = PBXNativeTarget;
			buildConfigurationList = AA19AA531BF4C59100A7EF19 /* Build configuration list for PBXNativeTarget "GigglyMetal" */;
			buildPhases = (
				AA19AA3D1BF4C59100A7EF19 /* Sources */,
				AA19AA3E1BF4C59100A7EF19 /* Frameworks */,
				AA19AA3F1BF4C59100A7EF19 /* Resources */,
			);
			buildRules = (
			);
			dependencies = (
			);
			name = GigglyMetal;
			productName = GigglyMetal;
			productReference = AA19AA411BF4C59100A7EF19 /* GigglyMetal.app */;
			productType = "com.apple.product-type.application";
		};
/* End PBXNativeTarget section */

/* Begin PBXProject section */
		AA19AA391BF4C59100A7EF19 /* Project object */ = {
			isa = PBXProject;
			attributes = {
				LastSwiftUpdateCheck = 0710;
				LastUpgradeCheck = 0710;
				ORGANIZATIONNAME = KaboomLab;
				TargetAttributes = {
					AA19AA401BF4C59100A7EF19 = {
						CreatedOnToolsVersion = 7.1;
					};
				};
			};
			buildConfigurationList = AA19AA3C1BF4C59100A7EF19 /* Build configuration list for PBXProject "GigglyMetal" */;
			compatibilityVersion = "Xcode 3.2";
			developmentRegion = English;
			hasScannedForEncodings = 0;
			knownRegions = (
				en,
				Base,
			);
			mainGroup = AA19AA381BF4C59100A7EF19;
			productRefGroup = AA19AA421BF4C59100A7EF19 /* Products */;
			projectDirPath = "";
			projectRoot = "";
			targets = (
				AA19AA401BF4C59100A7EF19 /* GigglyMetal */,
			);
		};
/* End PBXProject section */

/* Begin PBXResourcesBuildPhase section */
		AA19AA3F1BF4C59100A7EF19 /* Resources */ = {
			isa = PBXResourcesBuildPhase;
			buildActionMask = 2147483647;
			files = (
				AA19AA4F1BF4C59100A7EF19 /* LaunchScreen.storyboard in Resources */,
				AA19AA4C1BF4C59100A7EF19 /* Assets.xcassets in Resources */,
				AA19AA4A1BF4C59100A7EF19 /* Main.storyboard in Resources */,
			);
			runOnlyForDeploymentPostprocessing = 0;
		};
/* End PBXResourcesBuildPhase section */

/* Begin PBXSourcesBuildPhase section */
		AA19AA3D1BF4C59100A7EF19 /* Sources */ = {
			isa = PBXSourcesBuildPhase;
			buildActionMask = 2147483647;
			files = (
				AA19AA611BF4DA0600A7EF19 /* Shader.metal in Sources */,
				AA19AA451BF4C59100A7EF19 /* AppDelegate.swift in Sources */,
				AA19AA591BF4C5BA00A7EF19 /* HomeViewController.swift in Sources */,
			);
			runOnlyForDeploymentPostprocessing = 0;
		};
/* End PBXSourcesBuildPhase section */

/* Begin PBXVariantGroup section */
		AA19AA481BF4C59100A7EF19 /* Main.storyboard */ = {
			isa = PBXVariantGroup;
			children = (
				AA19AA491BF4C59100A7EF19 /* Base */,
			);
			name = Main.storyboard;
			sourceTree = "<group>";
		};
		AA19AA4D1BF4C59100A7EF19 /* LaunchScreen.storyboard */ = {
			isa = PBXVariantGroup;
			children = (
				AA19AA4E1BF4C59100A7EF19 /* Base */,
			);
			name = LaunchScreen.storyboard;
			sourceTree = "<group>";
		};
/* End PBXVariantGroup section */

/* Begin XCBuildConfiguration section */
		AA19AA511BF4C59100A7EF19 /* Debug */ = {
			isa = XCBuildConfiguration;
			buildSettings = {
				ALWAYS_SEARCH_USER_PATHS = NO;
				CLANG_CXX_LANGUAGE_STANDARD = "gnu++0x";
				CLANG_CXX_LIBRARY = "libc++";
				CLANG_ENABLE_MODULES = YES;
				CLANG_ENABLE_OBJC_ARC = YES;
				CLANG_WARN_BOOL_CONVERSION = YES;
				CLANG_WARN_CONSTANT_CONVERSION = YES;
				CLANG_WARN_DIRECT_OBJC_ISA_USAGE = YES_ERROR;
				CLANG_WARN_EMPTY_BODY = YES;
				CLANG_WARN_ENUM_CONVERSION = YES;
				CLANG_WARN_INT_CONVERSION = YES;
				CLANG_WARN_OBJC_ROOT_CLASS = YES_ERROR;
				CLANG_WARN_UNREACHABLE_CODE = YES;
				CLANG_WARN__DUPLICATE_METHOD_MATCH = YES;
				"CODE_SIGN_IDENTITY[sdk=iphoneos*]" = "iPhone Developer";
				COPY_PHASE_STRIP = NO;
				DEBUG_INFORMATION_FORMAT = dwarf;
				ENABLE_STRICT_OBJC_MSGSEND = YES;
				ENABLE_TESTABILITY = YES;
				GCC_C_LANGUAGE_STANDARD = gnu99;
				GCC_DYNAMIC_NO_PIC = NO;
				GCC_NO_COMMON_BLOCKS = YES;
				GCC_OPTIMIZATION_LEVEL = 0;
				GCC_PREPROCESSOR_DEFINITIONS = (
					"DEBUG=1",
					"$(inherited)",
				);
				GCC_WARN_64_TO_32_BIT_CONVERSION = YES;
				GCC_WARN_ABOUT_RETURN_TYPE = YES_ERROR;
				GCC_WARN_UNDECLARED_SELECTOR = YES;
				GCC_WARN_UNINITIALIZED_AUTOS = YES_AGGRESSIVE;
				GCC_WARN_UNUSED_FUNCTION = YES;
				GCC_WARN_UNUSED_VARIABLE = YES;
				IPHONEOS_DEPLOYMENT_TARGET = 9.1;
				MTL_ENABLE_DEBUG_INFO = YES;
				ONLY_ACTIVE_ARCH = YES;
				SDKROOT = iphoneos;
				SWIFT_OPTIMIZATION_LEVEL = "-Onone";
				TARGETED_DEVICE_FAMILY = "1,2";
			};
			name = Debug;
		};
		AA19AA521BF4C59100A7EF19 /* Release */ = {
			isa = XCBuildConfiguration;
			buildSettings = {
				ALWAYS_SEARCH_USER_PATHS = NO;
				CLANG_CXX_LANGUAGE_STANDARD = "gnu++0x";
				CLANG_CXX_LIBRARY = "libc++";
				CLANG_ENABLE_MODULES = YES;
				CLANG_ENABLE_OBJC_ARC = YES;
				CLANG_WARN_BOOL_CONVERSION = YES;
				CLANG_WARN_CONSTANT_CONVERSION = YES;
				CLANG_WARN_DIRECT_OBJC_ISA_USAGE = YES_ERROR;
				CLANG_WARN_EMPTY_BODY = YES;
				CLANG_WARN_ENUM_CONVERSION = YES;
				CLANG_WARN_INT_CONVERSION = YES;
				CLANG_WARN_OBJC_ROOT_CLASS = YES_ERROR;
				CLANG_WARN_UNREACHABLE_CODE = YES;
				CLANG_WARN__DUPLICATE_METHOD_MATCH = YES;
				"CODE_SIGN_IDENTITY[sdk=iphoneos*]" = "iPhone Developer";
				COPY_PHASE_STRIP = NO;
				DEBUG_INFORMATION_FORMAT = "dwarf-with-dsym";
				ENABLE_NS_ASSERTIONS = NO;
				ENABLE_STRICT_OBJC_MSGSEND = YES;
				GCC_C_LANGUAGE_STANDARD = gnu99;
				GCC_NO_COMMON_BLOCKS = YES;
				GCC_WARN_64_TO_32_BIT_CONVERSION = YES;
				GCC_WARN_ABOUT_RETURN_TYPE = YES_ERROR;
				GCC_WARN_UNDECLARED_SELECTOR = YES;
				GCC_WARN_UNINITIALIZED_AUTOS = YES_AGGRESSIVE;
				GCC_WARN_UNUSED_FUNCTION = YES;
				GCC_WARN_UNUSED_VARIABLE = YES;
				IPHONEOS_DEPLOYMENT_TARGET = 9.1;
				MTL_ENABLE_DEBUG_INFO = NO;
				SDKROOT = iphoneos;
				TARGETED_DEVICE_FAMILY = "1,2";
				VALIDATE_PRODUCT = YES;
			};
			name = Release;
		};
		AA19AA541BF4C59100A7EF19 /* Debug */ = {
			isa = XCBuildConfiguration;
			buildSettings = {
				ASSETCATALOG_COMPILER_APPICON_NAME = AppIcon;
				INFOPLIST_FILE = GigglyMetal/Info.plist;
				IPHONEOS_DEPLOYMENT_TARGET = 8.0;
				LD_RUNPATH_SEARCH_PATHS = "$(inherited) @executable_path/Frameworks";
				PRODUCT_BUNDLE_IDENTIFIER = com.kaboomlab.GigglyMetal;
				PRODUCT_NAME = "$(TARGET_NAME)";
			};
			name = Debug;
		};
		AA19AA551BF4C59100A7EF19 /* Release */ = {
			isa = XCBuildConfiguration;
			buildSettings = {
				ASSETCATALOG_COMPILER_APPICON_NAME = AppIcon;
				INFOPLIST_FILE = GigglyMetal/Info.plist;
				IPHONEOS_DEPLOYMENT_TARGET = 8.0;
				LD_RUNPATH_SEARCH_PATHS = "$(inherited) @executable_path/Frameworks";
				PRODUCT_BUNDLE_IDENTIFIER = com.kaboomlab.GigglyMetal;
				PRODUCT_NAME = "$(TARGET_NAME)";
			};
			name = Release;
		};
/* End XCBuildConfiguration section */

/* Begin XCConfigurationList section */
		AA19AA3C1BF4C59100A7EF19 /* Build configuration list for PBXProject "GigglyMetal" */ = {
			isa = XCConfigurationList;
			buildConfigurations = (
				AA19AA511BF4C59100A7EF19 /* Debug */,
				AA19AA521BF4C59100A7EF19 /* Release */,
			);
			defaultConfigurationIsVisible = 0;
			defaultConfigurationName = Release;
		};
		AA19AA531BF4C59100A7EF19 /* Build configuration list for PBXNativeTarget "GigglyMetal" */ = {
			isa = XCConfigurationList;
			buildConfigurations = (
				AA19AA541BF4C59100A7EF19 /* Debug */,
				AA19AA551BF4C59100A7EF19 /* Release */,
			);
			defaultConfigurationIsVisible = 0;
		};
/* End XCConfigurationList section */
	};
	rootObject = AA19AA391BF4C59100A7EF19 /* Project object */;
}
